
Microsoft Visual Studio Solution File, Format Version 12.00
# Visual Studio 15
VisualStudioVersion = 15.0.28307.106
MinimumVisualStudioVersion = 10.0.40219.1
Project("{FAE04EC0-301F-11D3-BF4B-00C04F79EFBC}") = "GenericHostDemo", "GenericHostDemo\GenericHostDemo.csproj", "{9E2660DF-E383-4210-BFAA-A0531ADA4449}"
EndProject
Global
	GlobalSection(SolutionConfigurationPlatforms) = preSolution
		Debug|Any CPU = Debug|Any CPU
		Release|Any CPU = Release|Any CPU
	EndGlobalSection
	GlobalSection(ProjectConfigurationPlatforms) = postSolution
		{9E2660DF-E383-4210-BFAA-A0531ADA4449}.Debug|Any CPU.ActiveCfg = Debug|Any CPU
		{9E2660DF-E383-4210-BFAA-A0531ADA4449}.Debug|Any CPU.Build.0 = Debug|Any CPU
		{9E2660DF-E383-4210-BFAA-A0531ADA4449}.Release|Any CPU.ActiveCfg = Release|Any CPU
		{9E2660DF-E383-4210-BFAA-A0531ADA4449}.Release|Any CPU.Build.0 = Release|Any CPU
	EndGlobalSection
	GlobalSection(SolutionProperties) = preSolution
		HideSolutionNode = FALSE
	EndGlobalSection
	GlobalSection(ExtensibilityGlobals) = postSolution
		SolutionGuid = {C12B9D93-8ED2-4000-8376-FEEB4573CF21}
	EndGlobalSection
EndGlobal
